
Microsoft Visual Studio Solution File, Format Version 11.00
# Visual C# Express 2010
Project("{FAE04EC0-301F-11D3-BF4B-00C04F79EFBC}") = "ex 5-7 greater num", "ex 5-7 greater num\ex 5-7 greater num.csproj", "{A1603519-9816-4E7F-8ED6-107B4D6A4856}"
EndProject
Global
	GlobalSection(SolutionConfigurationPlatforms) = preSolution
		Debug|x86 = Debug|x86
		Release|x86 = Release|x86
	EndGlobalSection
	GlobalSection(ProjectConfigurationPlatforms) = postSolution
		{A1603519-9816-4E7F-8ED6-107B4D6A4856}.Debug|x86.ActiveCfg = Debug|x86
		{A1603519-9816-4E7F-8ED6-107B4D6A4856}.Debug|x86.Build.0 = Debug|x86
		{A1603519-9816-4E7F-8ED6-107B4D6A4856}.Release|x86.ActiveCfg = Release|x86
		{A1603519-9816-4E7F-8ED6-107B4D6A4856}.Release|x86.Build.0 = Release|x86
	EndGlobalSection
	GlobalSection(SolutionProperties) = preSolution
		HideSolutionNode = FALSE
	EndGlobalSection
EndGlobal
