
Microsoft Visual Studio Solution File, Format Version 12.00
# Visual Studio 2012
Project("{FAE04EC0-301F-11D3-BF4B-00C04F79EFBC}") = "PerformanceLoadTestingVS", "PerformanceLoadTestingVS\PerformanceLoadTestingVS.csproj", "{E1EA88D3-4845-4AB6-A704-467BA311D87B}"
EndProject
Project("{2150E333-8FDC-42A3-9474-1A3956D46DE8}") = ".nuget", ".nuget", "{49B810B9-DAD0-428B-A610-48971C1FA246}"
	ProjectSection(SolutionItems) = preProject
		.nuget\packages.config = .nuget\packages.config
	EndProjectSection
EndProject
Global
	GlobalSection(SolutionConfigurationPlatforms) = preSolution
		Debug|Any CPU = Debug|Any CPU
		Release|Any CPU = Release|Any CPU
	EndGlobalSection
	GlobalSection(ProjectConfigurationPlatforms) = postSolution
		{E1EA88D3-4845-4AB6-A704-467BA311D87B}.Debug|Any CPU.ActiveCfg = Debug|Any CPU
		{E1EA88D3-4845-4AB6-A704-467BA311D87B}.Debug|Any CPU.Build.0 = Debug|Any CPU
		{E1EA88D3-4845-4AB6-A704-467BA311D87B}.Release|Any CPU.ActiveCfg = Release|Any CPU
		{E1EA88D3-4845-4AB6-A704-467BA311D87B}.Release|Any CPU.Build.0 = Release|Any CPU
	EndGlobalSection
	GlobalSection(SolutionProperties) = preSolution
		HideSolutionNode = FALSE
	EndGlobalSection
EndGlobal
