
Microsoft Visual Studio Solution File, Format Version 11.00
# Visual C# Express 2010
Project("{FAE04EC0-301F-11D3-BF4B-00C04F79EFBC}") = "ex 7-8 sort array", "ex 7-8 sort array\ex 7-8 sort array.csproj", "{BB3B7F6C-45BF-496B-A3D1-8C6E649E9FDD}"
EndProject
Global
	GlobalSection(SolutionConfigurationPlatforms) = preSolution
		Debug|x86 = Debug|x86
		Release|x86 = Release|x86
	EndGlobalSection
	GlobalSection(ProjectConfigurationPlatforms) = postSolution
		{BB3B7F6C-45BF-496B-A3D1-8C6E649E9FDD}.Debug|x86.ActiveCfg = Debug|x86
		{BB3B7F6C-45BF-496B-A3D1-8C6E649E9FDD}.Debug|x86.Build.0 = Debug|x86
		{BB3B7F6C-45BF-496B-A3D1-8C6E649E9FDD}.Release|x86.ActiveCfg = Release|x86
		{BB3B7F6C-45BF-496B-A3D1-8C6E649E9FDD}.Release|x86.Build.0 = Release|x86
	EndGlobalSection
	GlobalSection(SolutionProperties) = preSolution
		HideSolutionNode = FALSE
	EndGlobalSection
EndGlobal
