
Microsoft Visual Studio Solution File, Format Version 11.00
# Visual C# Express 2010
Project("{FAE04EC0-301F-11D3-BF4B-00C04F79EFBC}") = "ex 3-11 bitove", "ex 3-11 bitove\ex 3-11 bitove.csproj", "{FBCC8E3D-C36C-4BA9-A226-F451991E0DE2}"
EndProject
Global
	GlobalSection(SolutionConfigurationPlatforms) = preSolution
		Debug|x86 = Debug|x86
		Release|x86 = Release|x86
	EndGlobalSection
	GlobalSection(ProjectConfigurationPlatforms) = postSolution
		{FBCC8E3D-C36C-4BA9-A226-F451991E0DE2}.Debug|x86.ActiveCfg = Debug|x86
		{FBCC8E3D-C36C-4BA9-A226-F451991E0DE2}.Debug|x86.Build.0 = Debug|x86
		{FBCC8E3D-C36C-4BA9-A226-F451991E0DE2}.Release|x86.ActiveCfg = Release|x86
		{FBCC8E3D-C36C-4BA9-A226-F451991E0DE2}.Release|x86.Build.0 = Release|x86
	EndGlobalSection
	GlobalSection(SolutionProperties) = preSolution
		HideSolutionNode = FALSE
	EndGlobalSection
EndGlobal
