
Microsoft Visual Studio Solution File, Format Version 12.00
# Visual Studio 2012
Project("{E24C65DC-7377-472B-9ABA-BC803B73C61A}") = "TestStudio_StandAlone", "..\..\..\GitHub\MyProjects\QA\Telerik QA Academy exams\part II\SqaExam2b\TestStudio_StandAlone\", "{A9F8E741-5D90-4888-9D48-305C9CB8E6B9}"
	ProjectSection(WebsiteProperties) = preProject
		TargetFrameworkMoniker = ".NETFramework,Version%3Dv4.0"
		Debug.AspNetCompiler.VirtualPath = "/TestStudio_StandAlone"
		Debug.AspNetCompiler.PhysicalPath = "..\..\..\GitHub\MyProjects\QA\Telerik QA Academy exams\part II\SqaExam2b\TestStudio_StandAlone\"
		Debug.AspNetCompiler.TargetPath = "PrecompiledWeb\TestStudio_StandAlone\"
		Debug.AspNetCompiler.Updateable = "true"
		Debug.AspNetCompiler.ForceOverwrite = "true"
		Debug.AspNetCompiler.FixedNames = "false"
		Debug.AspNetCompiler.Debug = "True"
		Release.AspNetCompiler.VirtualPath = "/TestStudio_StandAlone"
		Release.AspNetCompiler.PhysicalPath = "..\..\..\GitHub\MyProjects\QA\Telerik QA Academy exams\part II\SqaExam2b\TestStudio_StandAlone\"
		Release.AspNetCompiler.TargetPath = "PrecompiledWeb\TestStudio_StandAlone\"
		Release.AspNetCompiler.Updateable = "true"
		Release.AspNetCompiler.ForceOverwrite = "true"
		Release.AspNetCompiler.FixedNames = "false"
		Release.AspNetCompiler.Debug = "False"
		VWDPort = "3291"
	EndProjectSection
EndProject
Project("{FAE04EC0-301F-11D3-BF4B-00C04F79EFBC}") = "TestStudioStandAlone", "..\..\..\GitHub\MyProjects\QA\Telerik QA Academy exams\part II\SqaExam2b\TestStudio_StandAlone\TestProject\TestStudioStandAlone\TestStudioStandAlone.csproj", "{0B6722AC-8BE6-4A48-BFD6-DDFBEA64662C}"
EndProject
Global
	GlobalSection(SolutionConfigurationPlatforms) = preSolution
		Debug|Any CPU = Debug|Any CPU
		Release|Any CPU = Release|Any CPU
	EndGlobalSection
	GlobalSection(ProjectConfigurationPlatforms) = postSolution
		{A9F8E741-5D90-4888-9D48-305C9CB8E6B9}.Debug|Any CPU.ActiveCfg = Debug|Any CPU
		{A9F8E741-5D90-4888-9D48-305C9CB8E6B9}.Debug|Any CPU.Build.0 = Debug|Any CPU
		{A9F8E741-5D90-4888-9D48-305C9CB8E6B9}.Release|Any CPU.ActiveCfg = Debug|Any CPU
		{A9F8E741-5D90-4888-9D48-305C9CB8E6B9}.Release|Any CPU.Build.0 = Debug|Any CPU
		{0B6722AC-8BE6-4A48-BFD6-DDFBEA64662C}.Debug|Any CPU.ActiveCfg = Debug|Any CPU
		{0B6722AC-8BE6-4A48-BFD6-DDFBEA64662C}.Debug|Any CPU.Build.0 = Debug|Any CPU
		{0B6722AC-8BE6-4A48-BFD6-DDFBEA64662C}.Release|Any CPU.ActiveCfg = Release|Any CPU
		{0B6722AC-8BE6-4A48-BFD6-DDFBEA64662C}.Release|Any CPU.Build.0 = Release|Any CPU
	EndGlobalSection
	GlobalSection(SolutionProperties) = preSolution
		HideSolutionNode = FALSE
	EndGlobalSection
EndGlobal
