
Microsoft Visual Studio Solution File, Format Version 11.00
# Visual C# Express 2010
Project("{FAE04EC0-301F-11D3-BF4B-00C04F79EFBC}") = "ex 6-11 n! zeroes", "ex 6-11 n! zeroes\ex 6-11 n! zeroes.csproj", "{8BFCAB33-A3DA-4E42-BB3F-1D45DDF37735}"
EndProject
Global
	GlobalSection(SolutionConfigurationPlatforms) = preSolution
		Debug|x86 = Debug|x86
		Release|x86 = Release|x86
	EndGlobalSection
	GlobalSection(ProjectConfigurationPlatforms) = postSolution
		{8BFCAB33-A3DA-4E42-BB3F-1D45DDF37735}.Debug|x86.ActiveCfg = Debug|x86
		{8BFCAB33-A3DA-4E42-BB3F-1D45DDF37735}.Debug|x86.Build.0 = Debug|x86
		{8BFCAB33-A3DA-4E42-BB3F-1D45DDF37735}.Release|x86.ActiveCfg = Release|x86
		{8BFCAB33-A3DA-4E42-BB3F-1D45DDF37735}.Release|x86.Build.0 = Release|x86
	EndGlobalSection
	GlobalSection(SolutionProperties) = preSolution
		HideSolutionNode = FALSE
	EndGlobalSection
EndGlobal
