
Microsoft Visual Studio Solution File, Format Version 12.00
# Visual Studio 2012
Project("{FAE04EC0-301F-11D3-BF4B-00C04F79EFBC}") = "WebDriverQaExamI", "WebDriverQaExamI\WebDriverQaExamI.csproj", "{D1602094-8293-4E32-9FD9-0459BBC2F15C}"
EndProject
Project("{2150E333-8FDC-42A3-9474-1A3956D46DE8}") = ".nuget", ".nuget", "{3CCF5E87-54E1-44C5-B79B-A5DAA4663DE2}"
	ProjectSection(SolutionItems) = preProject
		.nuget\packages.config = .nuget\packages.config
	EndProjectSection
EndProject
Global
	GlobalSection(SolutionConfigurationPlatforms) = preSolution
		Debug|Any CPU = Debug|Any CPU
		Release|Any CPU = Release|Any CPU
	EndGlobalSection
	GlobalSection(ProjectConfigurationPlatforms) = postSolution
		{D1602094-8293-4E32-9FD9-0459BBC2F15C}.Debug|Any CPU.ActiveCfg = Debug|Any CPU
		{D1602094-8293-4E32-9FD9-0459BBC2F15C}.Debug|Any CPU.Build.0 = Debug|Any CPU
		{D1602094-8293-4E32-9FD9-0459BBC2F15C}.Release|Any CPU.ActiveCfg = Release|Any CPU
		{D1602094-8293-4E32-9FD9-0459BBC2F15C}.Release|Any CPU.Build.0 = Release|Any CPU
	EndGlobalSection
	GlobalSection(SolutionProperties) = preSolution
		HideSolutionNode = FALSE
	EndGlobalSection
EndGlobal
