
Microsoft Visual Studio Solution File, Format Version 12.00
# Visual Studio 2012
Project("{FAE04EC0-301F-11D3-BF4B-00C04F79EFBC}") = "DataFilterControl", "DataFilterControl\DataFilterControl.csproj", "{02522D49-B0F7-4506-841F-490A9AD0556B}"
EndProject
Global
	GlobalSection(SolutionConfigurationPlatforms) = preSolution
		Debug|Any CPU = Debug|Any CPU
		Release|Any CPU = Release|Any CPU
	EndGlobalSection
	GlobalSection(ProjectConfigurationPlatforms) = postSolution
		{02522D49-B0F7-4506-841F-490A9AD0556B}.Debug|Any CPU.ActiveCfg = Debug|Any CPU
		{02522D49-B0F7-4506-841F-490A9AD0556B}.Debug|Any CPU.Build.0 = Debug|Any CPU
		{02522D49-B0F7-4506-841F-490A9AD0556B}.Release|Any CPU.ActiveCfg = Release|Any CPU
		{02522D49-B0F7-4506-841F-490A9AD0556B}.Release|Any CPU.Build.0 = Release|Any CPU
	EndGlobalSection
	GlobalSection(SolutionProperties) = preSolution
		HideSolutionNode = FALSE
	EndGlobalSection
EndGlobal
