
Microsoft Visual Studio Solution File, Format Version 12.00
# Visual Studio Express 2012 for Windows Desktop
Project("{FAE04EC0-301F-11D3-BF4B-00C04F79EFBC}") = "ex 13-8 UnicodeString", "ex 13-8 UnicodeString\ex 13-8 UnicodeString.csproj", "{FF269900-8617-4E95-A227-86DF72AFEC6E}"
EndProject
Global
	GlobalSection(SolutionConfigurationPlatforms) = preSolution
		Debug|Any CPU = Debug|Any CPU
		Release|Any CPU = Release|Any CPU
	EndGlobalSection
	GlobalSection(ProjectConfigurationPlatforms) = postSolution
		{FF269900-8617-4E95-A227-86DF72AFEC6E}.Debug|Any CPU.ActiveCfg = Debug|Any CPU
		{FF269900-8617-4E95-A227-86DF72AFEC6E}.Debug|Any CPU.Build.0 = Debug|Any CPU
		{FF269900-8617-4E95-A227-86DF72AFEC6E}.Release|Any CPU.ActiveCfg = Release|Any CPU
		{FF269900-8617-4E95-A227-86DF72AFEC6E}.Release|Any CPU.Build.0 = Release|Any CPU
	EndGlobalSection
	GlobalSection(SolutionProperties) = preSolution
		HideSolutionNode = FALSE
	EndGlobalSection
EndGlobal
