
Microsoft Visual Studio Solution File, Format Version 11.00
# Visual C# Express 2010
Project("{FAE04EC0-301F-11D3-BF4B-00C04F79EFBC}") = "ex 7-17 merge sort", "ex 7-17 merge sort\ex 7-17 merge sort.csproj", "{BD3AC4BD-47D6-44D0-93F9-29FAC489FF8B}"
EndProject
Global
	GlobalSection(SolutionConfigurationPlatforms) = preSolution
		Debug|x86 = Debug|x86
		Release|x86 = Release|x86
	EndGlobalSection
	GlobalSection(ProjectConfigurationPlatforms) = postSolution
		{BD3AC4BD-47D6-44D0-93F9-29FAC489FF8B}.Debug|x86.ActiveCfg = Debug|x86
		{BD3AC4BD-47D6-44D0-93F9-29FAC489FF8B}.Debug|x86.Build.0 = Debug|x86
		{BD3AC4BD-47D6-44D0-93F9-29FAC489FF8B}.Release|x86.ActiveCfg = Release|x86
		{BD3AC4BD-47D6-44D0-93F9-29FAC489FF8B}.Release|x86.Build.0 = Release|x86
	EndGlobalSection
	GlobalSection(SolutionProperties) = preSolution
		HideSolutionNode = FALSE
	EndGlobalSection
EndGlobal
