
Microsoft Visual Studio Solution File, Format Version 11.00
# Visual C# Express 2010
Project("{FAE04EC0-301F-11D3-BF4B-00C04F79EFBC}") = "ex 7-26 largest area equal numbers in matrix - labyrinth", "ex 7-26 largest area equal numbers in matrix - labyrinth\ex 7-26 largest area equal numbers in matrix - labyrinth.csproj", "{CC7BC2A5-02E9-4C3A-91AB-0751C80D5D78}"
EndProject
Global
	GlobalSection(SolutionConfigurationPlatforms) = preSolution
		Debug|x86 = Debug|x86
		Release|x86 = Release|x86
	EndGlobalSection
	GlobalSection(ProjectConfigurationPlatforms) = postSolution
		{CC7BC2A5-02E9-4C3A-91AB-0751C80D5D78}.Debug|x86.ActiveCfg = Debug|x86
		{CC7BC2A5-02E9-4C3A-91AB-0751C80D5D78}.Debug|x86.Build.0 = Debug|x86
		{CC7BC2A5-02E9-4C3A-91AB-0751C80D5D78}.Release|x86.ActiveCfg = Release|x86
		{CC7BC2A5-02E9-4C3A-91AB-0751C80D5D78}.Release|x86.Build.0 = Release|x86
	EndGlobalSection
	GlobalSection(SolutionProperties) = preSolution
		HideSolutionNode = FALSE
	EndGlobalSection
EndGlobal
