
Microsoft Visual Studio Solution File, Format Version 11.00
# Visual C# Express 2010
Project("{FAE04EC0-301F-11D3-BF4B-00C04F79EFBC}") = "ex 3-2a", "ex 3-2a\ex 3-2a.csproj", "{9BB0FAFA-6472-4922-9088-F25CB66C7E1C}"
EndProject
Global
	GlobalSection(SolutionConfigurationPlatforms) = preSolution
		Debug|x86 = Debug|x86
		Release|x86 = Release|x86
	EndGlobalSection
	GlobalSection(ProjectConfigurationPlatforms) = postSolution
		{9BB0FAFA-6472-4922-9088-F25CB66C7E1C}.Debug|x86.ActiveCfg = Debug|x86
		{9BB0FAFA-6472-4922-9088-F25CB66C7E1C}.Debug|x86.Build.0 = Debug|x86
		{9BB0FAFA-6472-4922-9088-F25CB66C7E1C}.Release|x86.ActiveCfg = Release|x86
		{9BB0FAFA-6472-4922-9088-F25CB66C7E1C}.Release|x86.Build.0 = Release|x86
	EndGlobalSection
	GlobalSection(SolutionProperties) = preSolution
		HideSolutionNode = FALSE
	EndGlobalSection
EndGlobal
