
Microsoft Visual Studio Solution File, Format Version 12.00
# Visual Studio Express 2012 for Windows Desktop
Project("{FAE04EC0-301F-11D3-BF4B-00C04F79EFBC}") = "ex 12-8 ReadNumber", "ex 12-8 ReadNumber\ex 12-8 ReadNumber.csproj", "{B1F7D2E8-8976-460D-89D5-CB927985502E}"
EndProject
Global
	GlobalSection(SolutionConfigurationPlatforms) = preSolution
		Debug|Any CPU = Debug|Any CPU
		Release|Any CPU = Release|Any CPU
	EndGlobalSection
	GlobalSection(ProjectConfigurationPlatforms) = postSolution
		{B1F7D2E8-8976-460D-89D5-CB927985502E}.Debug|Any CPU.ActiveCfg = Debug|Any CPU
		{B1F7D2E8-8976-460D-89D5-CB927985502E}.Debug|Any CPU.Build.0 = Debug|Any CPU
		{B1F7D2E8-8976-460D-89D5-CB927985502E}.Release|Any CPU.ActiveCfg = Release|Any CPU
		{B1F7D2E8-8976-460D-89D5-CB927985502E}.Release|Any CPU.Build.0 = Release|Any CPU
	EndGlobalSection
	GlobalSection(SolutionProperties) = preSolution
		HideSolutionNode = FALSE
	EndGlobalSection
EndGlobal
